<?xml version="1.0" encoding="utf-8"?>
<Project ToolsVersion="4.0" xmlns="http://schemas.microsoft.com/developer/msbuild/2003">
  <ItemGroup>
    <Filter Include="Source Files">
      <UniqueIdentifier>{4FC737F1-C7A5-4376-A066-2A32D752A2FF}</UniqueIdentifier>
      <Extensions>cpp;c;cc;cxx;c++;cppm;ixx;def;odl;idl;hpj;bat;asm;asmx</Extensions>
    </Filter>
    <Filter Include="Header Files">
      <UniqueIdentifier>{93995380-89BD-4b04-88EB-625FBE52EBFB}</UniqueIdentifier>
      <Extensions>h;hh;hpp;hxx;h++;hm;inl;inc;ipp;xsd</Extensions>
    </Filter>
    <Filter Include="Resource Files">
      <UniqueIdentifier>{67DA6AB6-F800-4c08-8B7A-83BB121AAD01}</UniqueIdentifier>
      <Extensions>rc;ico;cur;bmp;dlg;rc2;rct;bin;rgs;gif;jpg;jpeg;jpe;resx;tiff;tif;png;wav;mfcribbon-ms</Extensions>
    </Filter>
  </ItemGroup>
  <ItemGroup>
    <ClCompile Include="FA_Millionaire.cpp">
      <Filter>Source Files</Filter>
    </ClCompile>
    <ClCompile Include="Questions.cpp">
      <Filter>Source Files</Filter>
    </ClCompile>
    <ClCompile Include="QuestionSource.cpp">
      <Filter>Source Files</Filter>
    </ClCompile>
  </ItemGroup>
  <ItemGroup>
    <ClInclude Include="FA_Millionaire.h">
      <Filter>Header Files</Filter>
    </ClInclude>
    <ClInclude Include="Questions.h">
      <Filter>Header Files</Filter>
    </ClInclude>
    <ClInclude Include="resource.h">
      <Filter>Header Files</Filter>
    </ClInclude>
    <ClInclude Include="QuestionSource.h">
      <Filter>Header Files</Filter>
    </ClInclude>
  </ItemGroup>
  <ItemGroup>
    <Image Include="Resources\Images\FA_Millionaire_0000_Logo.jpg">
      <Filter>Resource Files</Filter>
    </Image>
    <Image Include="Resources\Images\FA_Millionaire_0000s_0000_Audience A.jpg">
      <Filter>Resource Files</Filter>
    </Image>
    <Image Include="Resources\Images\FA_Millionaire_0000s_0001_Audience B.jpg">
      <Filter>Resource Files</Filter>
    </Image>
    <Image Include="Resources\Images\FA_Millionaire_0000s_0002_Audience C.jpg">
      <Filter>Resource Files</Filter>
    </Image>
    <Image Include="Resources\Images\FA_Millionaire_0000s_0003_Audience D.jpg">
      <Filter>Resource Files</Filter>
    </Image>
    <Image Include="Resources\Images\FA_Millionaire_0001_Vitesco Logo.jpg">
      <Filter>Resource Files</Filter>
    </Image>
    <Image Include="Resources\Images\FA_Millionaire_0001s_0000_Audience Used.jpg">
      <Filter>Resource Files</Filter>
    </Image>
    <Image Include="Resources\Images\FA_Millionaire_0001s_0001_Audience Ready.jpg">
      <Filter>Resource Files</Filter>
    </Image>
    <Image Include="Resources\Images\FA_Millionaire_0001s_0002_50_50 Used.jpg">
      <Filter>Resource Files</Filter>
    </Image>
    <Image Include="Resources\Images\FA_Millionaire_0001s_0003_50_50 Ready.jpg">
      <Filter>Resource Files</Filter>
    </Image>
    <Image Include="Resources\Images\FA_Millionaire_0001s_0004_Phone Used.jpg">
      <Filter>Resource Files</Filter>
    </Image>
    <Image Include="Resources\Images\FA_Millionaire_0001s_0005_Phone Ready.jpg">
      <Filter>Resource Files</Filter>
    </Image>
    <Image Include="Resources\Images\FA_Millionaire_0002_FA Lab Edition.jpg">
      <Filter>Resource Files</Filter>
    </Image>
    <Image Include="Resources\Images\FA_Millionaire_0002s_0000_10000000.jpg">
      <Filter>Resource Files</Filter>
    </Image>
    <Image Include="Resources\Images\FA_Millionaire_0002s_0001_5000000.jpg">
      <Filter>Resource Files</Filter>
    </Image>
    <Image Include="Resources\Images\FA_Millionaire_0002s_0002_2500000.jpg">
      <Filter>Resource Files</Filter>
    </Image>
    <Image Include="Resources\Images\FA_Millionaire_0002s_0003_1250000.jpg">
      <Filter>Resource Files</Filter>
    </Image>
    <Image Include="Resources\Images\FA_Millionaire_0002s_0004_640000.jpg">
      <Filter>Resource Files</Filter>
    </Image>
    <Image Include="Resources\Images\FA_Millionaire_0002s_0005_320000.jpg">
      <Filter>Resource Files</Filter>
    </Image>
    <Image Include="Resources\Images\FA_Millionaire_0002s_0006_160000.jpg">
      <Filter>Resource Files</Filter>
    </Image>
    <Image Include="Resources\Images\FA_Millionaire_0002s_0007_80000.jpg">
      <Filter>Resource Files</Filter>
    </Image>
    <Image Include="Resources\Images\FA_Millionaire_0002s_0008_40000.jpg">
      <Filter>Resource Files</Filter>
    </Image>
    <Image Include="Resources\Images\FA_Millionaire_0002s_0009_20000.jpg">
      <Filter>Resource Files</Filter>
    </Image>
    <Image Include="Resources\Images\FA_Millionaire_0002s_0010_10000.jpg">
      <Filter>Resource Files</Filter>
    </Image>
    <Image Include="Resources\Images\FA_Millionaire_0002s_0011_5000.jpg">
      <Filter>Resource Files</Filter>
    </Image>
    <Image Include="Resources\Images\FA_Millionaire_0002s_0012_3000.jpg">
      <Filter>Resource Files</Filter>
    </Image>
    <Image Include="Resources\Images\FA_Millionaire_0002s_0013_2000.jpg">
      <Filter>Resource Files</Filter>
    </Image>
    <Image Include="Resources\Images\FA_Millionaire_0002s_0014_1000.jpg">
      <Filter>Resource Files</Filter>
    </Image>
    <Image Include="Resources\Images\FA_Millionaire_0003_Answer Background.jpg">
      <Filter>Resource Files</Filter>
    </Image>
    <Image Include="Resources\Images\FA_Millionaire_0004_Question Template.jpg">
      <Filter>Resource Files</Filter>
    </Image>
    <Image Include="Resources\Images\FA_Millionaire_0005_Background.jpg">
      <Filter>Resource Files</Filter>
    </Image>
    <Image Include="Resources\Images\FA_Millionaire_0004_Question Background.jpg">
      <Filter>Resource Files</Filter>
    </Image>
    <Image Include="Win32\Release\Resources\Images\FA_Millionaire_0002s_0000_10000000.jpg">
      <Filter>Resource Files</Filter>
    </Image>
    <Image Include="Win32\Release\Resources\Images\FA_Millionaire_0002s_0001_5000000.jpg">
      <Filter>Resource Files</Filter>
    </Image>
    <Image Include="Win32\Release\Resources\Images\FA_Millionaire_0002s_0002_2500000.jpg">
      <Filter>Resource Files</Filter>
    </Image>
    <Image Include="Win32\Release\Resources\Images\FA_Millionaire_0002s_0003_1250000.jpg">
      <Filter>Resource Files</Filter>
    </Image>
    <Image Include="Win32\Release\Resources\Images\FA_Millionaire_0002s_0004_640000.jpg">
      <Filter>Resource Files</Filter>
    </Image>
    <Image Include="Win32\Release\Resources\Images\FA_Millionaire_0002s_0005_320000.jpg">
      <Filter>Resource Files</Filter>
    </Image>
    <Image Include="Win32\Release\Resources\Images\FA_Millionaire_0002s_0006_160000.jpg">
      <Filter>Resource Files</Filter>
    </Image>
    <Image Include="Win32\Release\Resources\Images\FA_Millionaire_0002s_0007_80000.jpg">
      <Filter>Resource Files</Filter>
    </Image>
    <Image Include="Win32\Release\Resources\Images\FA_Millionaire_0002s_0008_40000.jpg">
      <Filter>Resource Files</Filter>
    </Image>
    <Image Include="Win32\Release\Resources\Images\FA_Millionaire_0002s_0009_20000.jpg">
      <Filter>Resource Files</Filter>
    </Image>
    <Image Include="Win32\Release\Resources\Images\FA_Millionaire_0002s_0010_10000.jpg">
      <Filter>Resource Files</Filter>
    </Image>
    <Image Include="Win32\Release\Resources\Images\FA_Millionaire_0002s_0011_5000.jpg">
      <Filter>Resource Files</Filter>
    </Image>
    <Image Include="Win32\Release\Resources\Images\FA_Millionaire_0002s_0012_3000.jpg">
      <Filter>Resource Files</Filter>
    </Image>
    <Image Include="Win32\Release\Resources\Images\FA_Millionaire_0002s_0013_2000.jpg">
      <Filter>Resource Files</Filter>
    </Image>
    <Image Include="Win32\Release\Resources\Images\FA_Millionaire_0002s_0014_1000.jpg">
      <Filter>Resource Files</Filter>
    </Image>
    <Image Include="Win32\Release\Resources\Images\FA_Millionaire_0000_Logo.jpg">
      <Filter>Resource Files</Filter>
    </Image>
    <Image Include="Win32\Release\Resources\Images\FA_Millionaire_0000s_0000_Audience A.jpg">
      <Filter>Resource Files</Filter>
    </Image>
    <Image Include="Win32\Release\Resources\Images\FA_Millionaire_0000s_0001_Audience B.jpg">
      <Filter>Resource Files</Filter>
    </Image>
    <Image Include="Win32\Release\Resources\Images\FA_Millionaire_0000s_0002_Audience C.jpg">
      <Filter>Resource Files</Filter>
    </Image>
    <Image Include="Win32\Release\Resources\Images\FA_Millionaire_0000s_0003_Audience D.jpg">
      <Filter>Resource Files</Filter>
    </Image>
    <Image Include="Win32\Release\Resources\Images\FA_Millionaire_0001s_0000_Audience Used.jpg">
      <Filter>Resource Files</Filter>
    </Image>
    <Image Include="Win32\Release\Resources\Images\FA_Millionaire_0001s_0002_50_50 Used.jpg">
      <Filter>Resource Files</Filter>
    </Image>
    <Image Include="Win32\Release\Resources\Images\FA_Millionaire_0001s_0004_Phone Used.jpg">
      <Filter>Resource Files</Filter>
    </Image>
  </ItemGroup>
  <ItemGroup>
    <Media Include="Resources\Video\Intro.mp4">
      <Filter>Resource Files</Filter>
    </Media>
    <Media Include="Resources\Sound\Audience and 50_50 answer.wav">
      <Filter>Resource Files</Filter>
    </Media>
    <Media Include="Resources\Sound\01_A answer with background.wav">
      <Filter>Resource Files</Filter>
    </Media>
    <Media Include="Resources\Sound\02_B answer with background.wav">
      <Filter>Resource Files</Filter>
    </Media>
    <Media Include="Resources\Sound\03_C answer with background.wav">
      <Filter>Resource Files</Filter>
    </Media>
    <Media Include="Resources\Sound\04_D answer with background.wav">
      <Filter>Resource Files</Filter>
    </Media>
    <Media Include="Resources\Sound\10_1000-10000 question background.wav">
      <Filter>Resource Files</Filter>
    </Media>
    <Media Include="Resources\Sound\10_20000-320000 background.wav">
      <Filter>Resource Files</Filter>
    </Media>
    <Media Include="Resources\Sound\10_320000-5000000 background.wav">
      <Filter>Resource Files</Filter>
    </Media>
    <Media Include="Resources\Sound\10M win.wav">
      <Filter>Resource Files</Filter>
    </Media>
    <Media Include="Resources\Sound\1000-10000 correct answer.wav">
      <Filter>Resource Files</Filter>
    </Media>
    <Media Include="Resources\Sound\1000-10000 wrong answer.wav">
      <Filter>Resource Files</Filter>
    </Media>
    <Media Include="Resources\Sound\20000-320000 correctanswer.wav">
      <Filter>Resource Files</Filter>
    </Media>
    <Media Include="Resources\Sound\20000-320000 wrong answer.wav">
      <Filter>Resource Files</Filter>
    </Media>
    <Media Include="Resources\Sound\320000-5000000 correct answer.wav">
      <Filter>Resource Files</Filter>
    </Media>
    <Media Include="Resources\Sound\320000-5000000 wrong answer.wav">
      <Filter>Resource Files</Filter>
    </Media>
    <Media Include="Resources\Sound\Answer A.wav">
      <Filter>Resource Files</Filter>
    </Media>
    <Media Include="Resources\Sound\Answer B.wav">
      <Filter>Resource Files</Filter>
    </Media>
    <Media Include="Resources\Sound\Answer C.wav">
      <Filter>Resource Files</Filter>
    </Media>
    <Media Include="Resources\Sound\Answer D.wav">
      <Filter>Resource Files</Filter>
    </Media>
    <Media Include="Resources\Sound\Intro_sound.wav">
      <Filter>Resource Files</Filter>
    </Media>
  </ItemGroup>
  <ItemGroup>
    <ResourceCompile Include="FA_Millionaire.rc">
      <Filter>Resource Files</Filter>
    </ResourceCompile>
    <ResourceCompile Include="Resource.rc">
      <Filter>Resource Files</Filter>
    </ResourceCompile>
  </ItemGroup>
</Project>